# This file was autogenerated by Stack.
# You should not edit this file by hand.
# For more information, please see the documentation at:
#   https://docs.haskellstack.org/en/stable/lock_files

packages:
- completed:
    hackage: BNFC-meta-0.6.1@sha256:43d9bf9b2989a885dadd70cd27ce313d1d000497e6860f5d7ceb1d273b1649d2,2585
    pantry-tree:
      size: 1474
      sha256: 99e60b0071ac2cf26fb6fda412f9f7f5833a4694d8ccbe42cbf3266cadd54bc9
  original:
    hackage: BNFC-meta-0.6.1@sha256:43d9bf9b2989a885dadd70cd27ce313d1d000497e6860f5d7ceb1d273b1649d2,2585
- completed:
    hackage: alex-meta-0.3.0.12@sha256:47cfd47103b3f9ea94f2bf11a5b6e13bd32aa8ab33e47539f3c085c4c85c568e,1515
    pantry-tree:
      size: 1501
      sha256: c3dd2e807eb0cd25410fb2cc25985c9a19c91768bbc83fa28454d98f8dcc48eb
  original:
    hackage: alex-meta-0.3.0.12@sha256:47cfd47103b3f9ea94f2bf11a5b6e13bd32aa8ab33e47539f3c085c4c85c568e,1515
- completed:
    hackage: happy-meta-0.2.0.11@sha256:22f18385740f4d8d6e4286fb32137e9bca3325bd97b1b5779f0015a0e2a7cafe,1375
    pantry-tree:
      size: 1258
      sha256: 149d3252cb77b3374c254df304ddf14e19d179d31ea2ceb1ee9cb86cc4ac796b
  original:
    hackage: happy-meta-0.2.0.11@sha256:22f18385740f4d8d6e4286fb32137e9bca3325bd97b1b5779f0015a0e2a7cafe,1375
snapshots:
- completed:
    size: 532380
    url: https://raw.githubusercontent.com/commercialhaskell/stackage-snapshots/master/lts/16/9.yaml
    sha256: 14a7cec114424e4286adde73364438927a553ed248cc50f069a30a67e3ee1e69
  original: lts-16.9
